dependencies:
- name: common
  repository: oci://gitregistry.knut.univention.de/univention/customers/dataport/upx/common-helm/helm
  version: 0.2.0
- name: postgresql
  repository: https://charts.bitnami.com/bitnami
  version: 12.7.3
digest: sha256:168aa42446073359363e29169f4eb0817c4720f01a4219bf7c68d4dcda87d7d5
generated: "2023-09-19T12:13:21.880976179Z"
