dependencies:
- name: common
  repository: oci://gitregistry.knut.univention.de/univention/customers/dataport/upx/common-helm/helm
  version: 0.3.1-pre-jbornhold-spike-plugin-entrypoint
digest: sha256:fedc6c76225a567a92c3be6f17738fa6538887aef3f133f9627cddccededec03
generated: "2023-10-09T01:04:01.634476+02:00"
