dependencies:
- name: common
  repository: oci://gitregistry.knut.univention.de/univention/customers/dataport/upx/common-helm/helm
  version: 0.6.0
- name: postgresql
  repository: https://charts.bitnami.com/bitnami
  version: 12.12.10
- name: memcached
  repository: https://charts.bitnami.com/bitnami
  version: 6.8.1
digest: sha256:dac9fa0b4a0d6a7ebfd17833a623403e9edf1b4cf2831944d6633a86cfc58ddb
generated: "2024-01-21T18:37:49.250791+01:00"
